{
  "name": "hireai",
  "lockfileVersion": 3,
  "requires": true,
  "packages": {
    "": {
      "dependencies": {
        "cookie-parser": "^1.4.7",
        "csurf": "^1.11.0",
        "express-validator": "^7.3.2",
        "otplib": "^13.4.1",
        "xss-clean": "^0.1.4"
      }
    },
    "node_modules/@noble/hashes": {
      "version": "2.2.0",
      "resolved": "https://registry.npmjs.org/@noble/hashes/-/hashes-2.2.0.tgz",
      "integrity": "sha512-IYqDGiTXab6FniAgnSdZwgWbomxpy9FtYvLKs7wCUs2a8RkITG+DFGO1DM9cr+E3/RgADRpFjrKVaJ1z6sjtEg==",
      "license": "MIT",
      "engines": {
        "node": ">= 20.19.0"
      },
      "funding": {
        "url": "https://paulmillr.com/funding/"
      }
    },
    "node_modules/@otplib/core": {
      "version": "13.4.1",
      "resolved": "https://registry.npmjs.org/@otplib/core/-/core-13.4.1.tgz",
      "integrity": "sha512-KIXgK1hNtWJEBMTastbe1bpmuais+3f+ATeO8TkMs2rNkfGO1FbQy8+/UWVEu3TR/iTJerU0idkPudaPmLP2BA==",
      "license": "MIT"
    },
    "node_modules/@otplib/hotp": {
      "version": "13.4.1",
      "resolved": "https://registry.npmjs.org/@otplib/hotp/-/hotp-13.4.1.tgz",
      "integrity": "sha512-g9q04SwpG5ZtMnVkUcgcoAlwCH4YLROZN1qhyBwgkBzqYYVSYhpP6gSGaxGHwePLt1c+e6NqDlgIZN+e1/XPuA==",
      "license": "MIT",
      "dependencies": {
        "@otplib/core": "13.4.1",
        "@otplib/uri": "13.4.1"
      }
    },
    "node_modules/@otplib/plugin-base32-scure": {
      "version": "13.4.1",
      "resolved": "https://registry.npmjs.org/@otplib/plugin-base32-scure/-/plugin-base32-scure-13.4.1.tgz",
      "integrity": "sha512-Fs/r5qisC05SRhT6xWXaypB6PVC0vgWf6zztmi0J5RnQ09OJiPDWCJFH6cDm6ANsrdvB9di7X+Jb7L13BoEbUA==",
      "license": "MIT",
      "dependencies": {
        "@otplib/core": "13.4.1",
        "@scure/base": "^2.2.0"
      }
    },
    "node_modules/@otplib/plugin-crypto-noble": {
      "version": "13.4.1",
      "resolved": "https://registry.npmjs.org/@otplib/plugin-crypto-noble/-/plugin-crypto-noble-13.4.1.tgz",
      "integrity": "sha512-PJfVW8/1hdS6CfxLheKPZSLTwDq4TijZbN4yRjxlv0ODdzmxpM+wGwWr1JXMdy0xJPxLziydQD5gdVqrR4/gAg==",
      "license": "MIT",
      "dependencies": {
        "@noble/hashes": "^2.2.0",
        "@otplib/core": "13.4.1"
      }
    },
    "node_modules/@otplib/totp": {
      "version": "13.4.1",
      "resolved": "https://registry.npmjs.org/@otplib/totp/-/totp-13.4.1.tgz",
      "integrity": "sha512-QOkBVPrf6AM4qZaReZPSk9/I8ATVdZpIISJz115MqeVtcrbcr5llPZ0J7804tpnjnp1vCRkI5Qjd47HhgVteBQ==",
      "license": "MIT",
      "dependencies": {
        "@otplib/core": "13.4.1",
        "@otplib/hotp": "13.4.1",
        "@otplib/uri": "13.4.1"
      }
    },
    "node_modules/@otplib/uri": {
      "version": "13.4.1",
      "resolved": "https://registry.npmjs.org/@otplib/uri/-/uri-13.4.1.tgz",
      "integrity": "sha512-xaIm7bvICMhoB2rZIR5luiaMdssWR5nY5nXnR1fdezUgZuEO58D6zrGzLp7pQuBmlpmL0HagnscDQFoskp9yiA==",
      "license": "MIT",
      "dependencies": {
        "@otplib/core": "13.4.1"
      }
    },
    "node_modules/@scure/base": {
      "version": "2.2.0",
      "resolved": "https://registry.npmjs.org/@scure/base/-/base-2.2.0.tgz",
      "integrity": "sha512-b8XEupJibegiXV+tDUseI8oLQc8ei3d/4Jkb2RpbHh3MfE054ov3uIz2dhFkB3FI8iwYkEh0gGCApkrYggkPNg==",
      "license": "MIT",
      "funding": {
        "url": "https://paulmillr.com/funding/"
      }
    },
    "node_modules/cookie": {
      "version": "0.7.2",
      "resolved": "https://registry.npmjs.org/cookie/-/cookie-0.7.2.tgz",
      "integrity": "sha512-yki5XnKuf750l50uGTllt6kKILY4nQ1eNIQatoXEByZ5dWgnKqbnqmTrBE5B4N7lrMJKQ2ytWMiTO2o0v6Ew/w==",
      "license": "MIT",
      "engines": {
        "node": ">= 0.6"
      }
    },
    "node_modules/cookie-parser": {
      "version": "1.4.7",
      "resolved": "https://registry.npmjs.org/cookie-parser/-/cookie-parser-1.4.7.tgz",
      "integrity": "sha512-nGUvgXnotP3BsjiLX2ypbQnWoGUPIIfHQNZkkC668ntrzGWEZVW70HDEB1qnNGMicPje6EttlIgzo51YSwNQGw==",
      "license": "MIT",
      "dependencies": {
        "cookie": "0.7.2",
        "cookie-signature": "1.0.6"
      },
      "engines": {
        "node": ">= 0.8.0"
      }
    },
    "node_modules/cookie-signature": {
      "version": "1.0.6",
      "resolved": "https://registry.npmjs.org/cookie-signature/-/cookie-signature-1.0.6.tgz",
      "integrity": "sha512-QADzlaHc8icV8I7vbaJXJwod9HWYp8uCqf1xa4OfNu1T7JVxQIrUgOWtHdNDtPiywmFbiS12VjotIXLrKM3orQ==",
      "license": "MIT"
    },
    "node_modules/csrf": {
      "version": "3.1.0",
      "resolved": "https://registry.npmjs.org/csrf/-/csrf-3.1.0.tgz",
      "integrity": "sha512-uTqEnCvWRk042asU6JtapDTcJeeailFy4ydOQS28bj1hcLnYRiqi8SsD2jS412AY1I/4qdOwWZun774iqywf9w==",
      "license": "MIT",
      "dependencies": {
        "rndm": "1.2.0",
        "tsscmp": "1.0.6",
        "uid-safe": "2.1.5"
      },
      "engines": {
        "node": ">= 0.8"
      }
    },
    "node_modules/csurf": {
      "version": "1.11.0",
      "resolved": "https://registry.npmjs.org/csurf/-/csurf-1.11.0.tgz",
      "integrity": "sha512-UCtehyEExKTxgiu8UHdGvHj4tnpE/Qctue03Giq5gPgMQ9cg/ciod5blZQ5a4uCEenNQjxyGuzygLdKUmee/bQ==",
      "deprecated": "This package is archived and no longer maintained. For support, visit https://github.com/expressjs/express/discussions",
      "license": "MIT",
      "dependencies": {
        "cookie": "0.4.0",
        "cookie-signature": "1.0.6",
        "csrf": "3.1.0",
        "http-errors": "~1.7.3"
      },
      "engines": {
        "node": ">= 0.8.0"
      }
    },
    "node_modules/csurf/node_modules/cookie": {
      "version": "0.4.0",
      "resolved": "https://registry.npmjs.org/cookie/-/cookie-0.4.0.tgz",
      "integrity": "sha512-+Hp8fLp57wnUSt0tY0tHEXh4voZRDnoIrZPqlo3DPiI4y9lwg/jqx+1Om94/W6ZaPDOUbnjOt/99w66zk+l1Xg==",
      "license": "MIT",
      "engines": {
        "node": ">= 0.6"
      }
    },
    "node_modules/depd": {
      "version": "1.1.2",
      "resolved": "https://registry.npmjs.org/depd/-/depd-1.1.2.tgz",
      "integrity": "sha512-7emPTl6Dpo6JRXOXjLRxck+FlLRX5847cLKEn00PLAgc3g2hTZZgr+e4c2v6QpSmLeFP3n5yUo7ft6avBK/5jQ==",
      "license": "MIT",
      "engines": {
        "node": ">= 0.6"
      }
    },
    "node_modules/express-validator": {
      "version": "7.3.2",
      "resolved": "https://registry.npmjs.org/express-validator/-/express-validator-7.3.2.tgz",
      "integrity": "sha512-ctLw1Vl6dXVH62dIQMDdTAQkrh480mkFuG6/SGXOaVlwPNukhRAe7EgJIMJ2TSAni8iwHBRp530zAZE5ZPF2IA==",
      "license": "MIT",
      "dependencies": {
        "lodash": "^4.18.1",
        "validator": "~13.15.23"
      },
      "engines": {
        "node": ">= 8.0.0"
      }
    },
    "node_modules/http-errors": {
      "version": "1.7.3",
      "resolved": "https://registry.npmjs.org/http-errors/-/http-errors-1.7.3.tgz",
      "integrity": "sha512-ZTTX0MWrsQ2ZAhA1cejAwDLycFsd7I7nVtnkT3Ol0aqodaKW+0CTZDQ1uBv5whptCnc8e8HeRRJxRs0kmm/Qfw==",
      "license": "MIT",
      "dependencies": {
        "depd": "~1.1.2",
        "inherits": "2.0.4",
        "setprototypeof": "1.1.1",
        "statuses": ">= 1.5.0 < 2",
        "toidentifier": "1.0.0"
      },
      "engines": {
        "node": ">= 0.6"
      }
    },
    "node_modules/inherits": {
      "version": "2.0.4",
      "resolved": "https://registry.npmjs.org/inherits/-/inherits-2.0.4.tgz",
      "integrity": "sha512-k/vGaX4/Yla3WzyMCvTQOXYeIHvqOKtnqBduzTHpzpQZzAskKMhZ2K+EnBiSM9zGSoIFeMpXKxa4dYeZIQqewQ==",
      "license": "ISC"
    },
    "node_modules/lodash": {
      "version": "4.18.1",
      "resolved": "https://registry.npmjs.org/lodash/-/lodash-4.18.1.tgz",
      "integrity": "sha512-dMInicTPVE8d1e5otfwmmjlxkZoUpiVLwyeTdUsi/Caj/gfzzblBcCE5sRHV/AsjuCmxWrte2TNGSYuCeCq+0Q==",
      "license": "MIT"
    },
    "node_modules/otplib": {
      "version": "13.4.1",
      "resolved": "https://registry.npmjs.org/otplib/-/otplib-13.4.1.tgz",
      "integrity": "sha512-o5CxfDw6bh7hoDv0NUUIcc0RqzJ9ipfUrzeKheKJ+vs4rXZnDlA9n4a/7R1cDjpmLjKLix4BgNVRmoDkm5rLSQ==",
      "license": "MIT",
      "dependencies": {
        "@otplib/core": "13.4.1",
        "@otplib/hotp": "13.4.1",
        "@otplib/plugin-base32-scure": "13.4.1",
        "@otplib/plugin-crypto-noble": "13.4.1",
        "@otplib/totp": "13.4.1",
        "@otplib/uri": "13.4.1"
      }
    },
    "node_modules/random-bytes": {
      "version": "1.0.0",
      "resolved": "https://registry.npmjs.org/random-bytes/-/random-bytes-1.0.0.tgz",
      "integrity": "sha512-iv7LhNVO047HzYR3InF6pUcUsPQiHTM1Qal51DcGSuZFBil1aBBWG5eHPNek7bvILMaYJ/8RU1e8w1AMdHmLQQ==",
      "license": "MIT",
      "engines": {
        "node": ">= 0.8"
      }
    },
    "node_modules/rndm": {
      "version": "1.2.0",
      "resolved": "https://registry.npmjs.org/rndm/-/rndm-1.2.0.tgz",
      "integrity": "sha512-fJhQQI5tLrQvYIYFpOnFinzv9dwmR7hRnUz1XqP3OJ1jIweTNOd6aTO4jwQSgcBSFUB+/KHJxuGneime+FdzOw==",
      "license": "MIT"
    },
    "node_modules/setprototypeof": {
      "version": "1.1.1",
      "resolved": "https://registry.npmjs.org/setprototypeof/-/setprototypeof-1.1.1.tgz",
      "integrity": "sha512-JvdAWfbXeIGaZ9cILp38HntZSFSo3mWg6xGcJJsd+d4aRMOqauag1C63dJfDw7OaMYwEbHMOxEZ1lqVRYP2OAw==",
      "license": "ISC"
    },
    "node_modules/statuses": {
      "version": "1.5.0",
      "resolved": "https://registry.npmjs.org/statuses/-/statuses-1.5.0.tgz",
      "integrity": "sha512-OpZ3zP+jT1PI7I8nemJX4AKmAX070ZkYPVWV/AaKTJl+tXCTGyVdC1a4SL8RUQYEwk/f34ZX8UTykN68FwrqAA==",
      "license": "MIT",
      "engines": {
        "node": ">= 0.6"
      }
    },
    "node_modules/toidentifier": {
      "version": "1.0.0",
      "resolved": "https://registry.npmjs.org/toidentifier/-/toidentifier-1.0.0.tgz",
      "integrity": "sha512-yaOH/Pk/VEhBWWTlhI+qXxDFXlejDGcQipMlyxda9nthulaxLZUNcUqFxokp0vcYnvteJln5FNQDRrxj3YcbVw==",
      "license": "MIT",
      "engines": {
        "node": ">=0.6"
      }
    },
    "node_modules/tsscmp": {
      "version": "1.0.6",
      "resolved": "https://registry.npmjs.org/tsscmp/-/tsscmp-1.0.6.tgz",
      "integrity": "sha512-LxhtAkPDTkVCMQjt2h6eBVY28KCjikZqZfMcC15YBeNjkgUpdCfBu5HoiOTDu86v6smE8yOjyEktJ8hlbANHQA==",
      "license": "MIT",
      "engines": {
        "node": ">=0.6.x"
      }
    },
    "node_modules/uid-safe": {
      "version": "2.1.5",
      "resolved": "https://registry.npmjs.org/uid-safe/-/uid-safe-2.1.5.tgz",
      "integrity": "sha512-KPHm4VL5dDXKz01UuEd88Df+KzynaohSL9fBh096KWAxSKZQDI2uBrVqtvRM4rwrIrRRKsdLNML/lnaaVSRioA==",
      "license": "MIT",
      "dependencies": {
        "random-bytes": "~1.0.0"
      },
      "engines": {
        "node": ">= 0.8"
      }
    },
    "node_modules/validator": {
      "version": "13.15.35",
      "resolved": "https://registry.npmjs.org/validator/-/validator-13.15.35.tgz",
      "integrity": "sha512-TQ5pAGhd5whStmqWvYF4OjQROlmv9SMFVt37qoCBdqRffuuklWYQlCNnEs2ZaIBD1kZRNnikiZOS1eqgkar0iw==",
      "license": "MIT",
      "engines": {
        "node": ">= 0.10"
      }
    },
    "node_modules/xss-clean": {
      "version": "0.1.4",
      "resolved": "https://registry.npmjs.org/xss-clean/-/xss-clean-0.1.4.tgz",
      "integrity": "sha512-4hArTFHYxrifK9VXOu/zFvwjTXVjKByPi6woUHb1IqxlX0Z4xtFBRjOhTKuYV/uE1VswbYsIh5vUEYp7MmoISQ==",
      "deprecated": "Package no longer supported. Contact Support at https://www.npmjs.com/support for more info.",
      "license": "MIT",
      "dependencies": {
        "xss-filters": "1.2.7"
      }
    },
    "node_modules/xss-filters": {
      "version": "1.2.7",
      "resolved": "https://registry.npmjs.org/xss-filters/-/xss-filters-1.2.7.tgz",
      "integrity": "sha512-KzcmYT/f+YzcYrYRqw6mXxd25BEZCxBQnf+uXTopQDIhrmiaLwO+f+yLsIvvNlPhYvgff8g3igqrBxYh9k8NbQ=="
    }
  }
}
